
Microsoft Visual Studio Solution File, Format Version 12.00
# Visual Studio Version 17
VisualStudioVersion = 17.9.34902.65
MinimumVisualStudioVersion = 10.0.40219.1
Project("{9A19103F-16F7-4668-BE54-9A1E7A4F7556}") = "Hazeolation.MKWorldPointCalculator.View", "Hazeolation.MKWorldPointCalculator.View\Hazeolation.MKWorldPointCalculator.View.csproj", "{8CF39D0D-600D-4E9D-9A90-C5E5408675C4}"
EndProject
Project("{2150E333-8FDC-42A3-9474-1A3956D46DE8}") = "Solution Items", "Solution Items", "{66A05C16-BD98-4266-AC3F-ECD9ECD8A81F}"
	ProjectSection(SolutionItems) = preProject
		.gitignore = .gitignore
	EndProjectSection
EndProject
Global
	GlobalSection(SolutionConfigurationPlatforms) = preSolution
		Debug|Any CPU = Debug|Any CPU
		Release|Any CPU = Release|Any CPU
	EndGlobalSection
	GlobalSection(ProjectConfigurationPlatforms) = postSolution
		{8CF39D0D-600D-4E9D-9A90-C5E5408675C4}.Debug|Any CPU.ActiveCfg = Debug|Any CPU
		{8CF39D0D-600D-4E9D-9A90-C5E5408675C4}.Debug|Any CPU.Build.0 = Debug|Any CPU
		{8CF39D0D-600D-4E9D-9A90-C5E5408675C4}.Release|Any CPU.ActiveCfg = Release|Any CPU
		{8CF39D0D-600D-4E9D-9A90-C5E5408675C4}.Release|Any CPU.Build.0 = Release|Any CPU
	EndGlobalSection
	GlobalSection(SolutionProperties) = preSolution
		HideSolutionNode = FALSE
	EndGlobalSection
	GlobalSection(ExtensibilityGlobals) = postSolution
		SolutionGuid = {6EEC0D43-3010-46EE-808E-C3B25A9B81D0}
	EndGlobalSection
EndGlobal
